
Microsoft Visual Studio Solution File, Format Version 12.00
# Visual Studio Version 17
VisualStudioVersion = 17.4.33122.133
MinimumVisualStudioVersion = 10.0.40219.1
Project("{FAE04EC0-301F-11D3-BF4B-00C04F79EFBC}") = "WebApplication1", "WebApplication1\WebApplication1.csproj", "{529C8F3E-A323-4CF3-9DFF-F9F35C8BDBD2}"
EndProject
Global
	GlobalSection(SolutionConfigurationPlatforms) = preSolution
		Debug|Any CPU = Debug|Any CPU
		Release|Any CPU = Release|Any CPU
	EndGlobalSection
	GlobalSection(ProjectConfigurationPlatforms) = postSolution
		{529C8F3E-A323-4CF3-9DFF-F9F35C8BDBD2}.Debug|Any CPU.ActiveCfg = Debug|Any CPU
		{529C8F3E-A323-4CF3-9DFF-F9F35C8BDBD2}.Debug|Any CPU.Build.0 = Debug|Any CPU
		{529C8F3E-A323-4CF3-9DFF-F9F35C8BDBD2}.Release|Any CPU.ActiveCfg = Release|Any CPU
		{529C8F3E-A323-4CF3-9DFF-F9F35C8BDBD2}.Release|Any CPU.Build.0 = Release|Any CPU
	EndGlobalSection
	GlobalSection(SolutionProperties) = preSolution
		HideSolutionNode = FALSE
	EndGlobalSection
	GlobalSection(ExtensibilityGlobals) = postSolution
		SolutionGuid = {59E4CE04-7D35-4F9C-B27C-D04F2683EB80}
	EndGlobalSection
EndGlobal
